
Microsoft Visual Studio Solution File, Format Version 12.00
# Visual Studio Version 17
VisualStudioVersion = 17.7.34202.233
MinimumVisualStudioVersion = 10.0.40219.1
Project("{FAE04EC0-301F-11D3-BF4B-00C04F79EFBC}") = "libgp4", "libgp4.csproj", "{D6FB4622-A619-449C-9581-DECA5A40CC15}"
EndProject
Global
	GlobalSection(SolutionConfigurationPlatforms) = preSolution
		Debug|Any CPU = Debug|Any CPU
		Release|Any CPU = Release|Any CPU
	EndGlobalSection
	GlobalSection(ProjectConfigurationPlatforms) = postSolution
		{D6FB4622-A619-449C-9581-DECA5A40CC15}.Debug|Any CPU.ActiveCfg = Debug|Any CPU
		{D6FB4622-A619-449C-9581-DECA5A40CC15}.Debug|Any CPU.Build.0 = Debug|Any CPU
		{D6FB4622-A619-449C-9581-DECA5A40CC15}.Release|Any CPU.ActiveCfg = Release|Any CPU
		{D6FB4622-A619-449C-9581-DECA5A40CC15}.Release|Any CPU.Build.0 = Release|Any CPU
	EndGlobalSection
	GlobalSection(SolutionProperties) = preSolution
		HideSolutionNode = FALSE
	EndGlobalSection
	GlobalSection(ExtensibilityGlobals) = postSolution
		SolutionGuid = {F976142E-9DAD-44F2-8727-BCBE989C58A4}
	EndGlobalSection
EndGlobal
